<Solution>
  <Folder Name="/src/">
    <Project Path="src/HrAutomation.Agents/HrAutomation.Agents.csproj" />
    <Project Path="src/HrAutomation.Api/HrAutomation.Api.csproj" />
    <Project Path="src/HrAutomation.Application/HrAutomation.Application.csproj" />
    <Project Path="src/HrAutomation.Domain/HrAutomation.Domain.csproj" />
    <Project Path="src/HrAutomation.Infrastructure/HrAutomation.Infrastructure.csproj" />
    <Project Path="src/HrAutomation.Mcp/HrAutomation.Mcp.csproj" />
    <Project Path="src/HrAutomation.Rag/HrAutomation.Rag.csproj" />
  </Folder>
  <Folder Name="/tests/">
    <Project Path="tests/HrAutomation.Tests/HrAutomation.Tests.csproj" />
  </Folder>
</Solution>
